
Microsoft Visual Studio Solution File, Format Version 12.00
# Visual Studio Version 16
VisualStudioVersion = 16.0.30128.74
MinimumVisualStudioVersion = 10.0.40219.1
Project("{FAE04EC0-301F-11D3-BF4B-00C04F79EFBC}") = "Data", "EFTest\Data.csproj", "{2986A52B-51D0-4AD2-A622-895E8215F16F}"
EndProject
Project("{9A19103F-16F7-4668-BE54-9A1E7A4F7556}") = "WebSite", "WebSite\WebSite.csproj", "{69D7BEA0-DC66-4947-83F7-292E7D220763}"
EndProject
Global
	GlobalSection(SolutionConfigurationPlatforms) = preSolution
		Debug|Any CPU = Debug|Any CPU
		Release|Any CPU = Release|Any CPU
	EndGlobalSection
	GlobalSection(ProjectConfigurationPlatforms) = postSolution
		{2986A52B-51D0-4AD2-A622-895E8215F16F}.Debug|Any CPU.ActiveCfg = Debug|Any CPU
		{2986A52B-51D0-4AD2-A622-895E8215F16F}.Debug|Any CPU.Build.0 = Debug|Any CPU
		{2986A52B-51D0-4AD2-A622-895E8215F16F}.Release|Any CPU.ActiveCfg = Release|Any CPU
		{2986A52B-51D0-4AD2-A622-895E8215F16F}.Release|Any CPU.Build.0 = Release|Any CPU
		{69D7BEA0-DC66-4947-83F7-292E7D220763}.Debug|Any CPU.ActiveCfg = Debug|Any CPU
		{69D7BEA0-DC66-4947-83F7-292E7D220763}.Debug|Any CPU.Build.0 = Debug|Any CPU
		{69D7BEA0-DC66-4947-83F7-292E7D220763}.Release|Any CPU.ActiveCfg = Release|Any CPU
		{69D7BEA0-DC66-4947-83F7-292E7D220763}.Release|Any CPU.Build.0 = Release|Any CPU
	EndGlobalSection
	GlobalSection(SolutionProperties) = preSolution
		HideSolutionNode = FALSE
	EndGlobalSection
	GlobalSection(ExtensibilityGlobals) = postSolution
		SolutionGuid = {E330AF55-08A5-4C86-96D4-3A55A8CD5C81}
	EndGlobalSection
EndGlobal
